github.com/maloquacious/dem2hm v1.1.0 h1:1cuXnLZnN32c31r9h3m9qlxGQgQ7UjOlBCmEYDSIQ3M=
github.com/maloquacious/dem2hm v1.1.0/go.mod h1:wxZVDKOK+AJZXnSEqQCFURBL8OVrGfrajN/VIrqxdkY=
github.com/maloquacious/hexg v1.3.0 h1:+CYdRF/+2bu6Y+NGjdR8TD+4YiWcCiNiLFJTdAtQlVw=
github.com/maloquacious/hexg v1.3.0/go.mod h1:Un6Fvo4X/rCr5WTG4abr4Bos/9h7NyBvHqK4q5Ok4iY=
github.com/maloquacious/hmz2bio v0.3.0 h1:l2h0KqaHoClftlXbcpPWT9GKa1qXZHlyPJWpqGrracI=
github.com/maloquacious/hmz2bio v0.3.0/go.mod h1:Nayre8jntBRtw/CQIFwmqnOBAheuB1WMSZTgqqmaVv0=
github.com/maloquacious/hmz2ele v0.4.0 h1:2Wljw+0IypNjUdUj6hXk3q0/b2TtEXfe/eLO+fWeqvg=
github.com/maloquacious/hmz2ele v0.4.0/go.mod h1:KqLRS1bxEC32a2nyTpOXT/wWOFoCWhjgcurUK0qn+Mw=
github.com/maloquacious/hmz2map v0.2.0 h1:u4nQrm1YEujjH8L6jf3+K3stbkJ+JNicYphpA8L9PoQ=
github.com/maloquacious/hmz2map v0.2.0/go.mod h1:lQI3qO/Vhqpb/FlsOGR/b3Rm0RgTlVEVWuwK/vEqRWg=
github.com/maloquacious/hmz2riv v0.3.0 h1:gl8Yjv+9fELLVNPeeVjembyDK6yfQomryhUCno2ci68=
github.com/maloquacious/hmz2riv v0.3.0/go.mod h1:NMD0Z5uwA5PCu3yni92jwT6rt9QePXh+9WnCGU+gRuM=
github.com/maloquacious/hmz2ter v0.2.0 h1:Zk+aodnF4hv3I6ypLdA5Pn4KVKSu/vDkQAP9n/3p0+Y=
github.com/maloquacious/hmz2ter v0.2.0/go.mod h1:Tp6gDIsbQwYJz7iyGNbkc/cDxQEwV9ZJw/W8cJthvew=
github.com/maloquacious/map2png v0.3.1 h1:MeJPIlY3bGzwyI9dZcjCznONQ6/8QMHxnqtcpv0QzF8=
github.com/maloquacious/map2png v0.3.1/go.mod h1:VBjQioTFNLtRz16851yzA/9L38JfZtR+KiT7cRx+Dto=
github.com/maloquacious/semver v0.4.1 h1:qwMBcA9VfkD1KsPIMcX7KW9/rnBpBQBbTTcZhlgOIgc=
github.com/maloquacious/semver v0.4.1/go.mod h1:0VQ90ipG1SLXCDcQo1bgYTBIpvXsEiNOnEF5Bs/HRYY=
github.com/maloquacious/wxx v0.48.0-beta h1:VO6kKp7Qh48MnI1yvAmwyLRhvJS4irjtXJhzr4D3+lY=
github.com/maloquacious/wxx v0.48.0-beta/go.mod h1:7bKDYW65tGqHIPaZ/Y2Cg8CYodH12CldzQG0kRDM0ng=
github.com/maloquacious/wxx v0.48.0-beta.0.20261001215011-538b8a3dfe6c h1:XcP4ZwyBChJ4o8RNru7V9p0QWpj48qxC1tal+hGRRRw=
github.com/maloquacious/wxx v0.48.0-beta.0.20261001215011-538b8a3dfe6c/go.mod h1:7bKDYW65tGqHIPaZ/Y2Cg8CYodH12CldzQG0kRDM0ng=
golang.org/x/image v0.46.0 h1:b1+oYj0Jbp6K5MDT4i4/eZpYlk3V8SJhhDKh6LBHAyQ=
golang.org/x/image v0.46.0/go.mod h1:3B3W05VGVQyuXucLINLjXKrqISASfi4Xj+iCVkLMwew=
golang.org/x/sys v0.48.0 h1:bbX/i/6MgT9BVLM9RT1thmxL04yeTAhbEz4SyadbXoo=
golang.org/x/sys v0.48.0/go.mod h1:hNLxWAXmnKAxqDtdwIYC4bM9oQPEecfsnNMuSxOs3og=
golang.org/x/text v0.42.0 h1:JbOZXgfeCPU9gacVtYliJqOhD+zhrEqK4LfdpmlUZqI=
golang.org/x/text v0.42.0/go.mod h1:ojzP1Z+2QtioaF8DTtO8K5q7JWVVYwZKenzujK0Zd0E=
